// !$*UTF8*$!
{
	archiveVersion = 1;
	classes = {
	};
	objectVersion = 50;
	objects = {

/* Begin PBXBuildFile section */
		D8862EB626B4F9A700A6637A /* AppDelegate.swift in Sources */ = {isa = PBXBuildFile; fileRef = D8862EB526B4F9A700A6637A /* AppDelegate.swift */; };
		D8862EB826B4F9A700A6637A /* SceneDelegate.swift in Sources */ = {isa = PBXBuildFile; fileRef = D8862EB726B4F9A700A6637A /* SceneDelegate.swift */; };
		D8862EBA26B4F9A700A6637A /* ViewController.swift in Sources */ = {isa = PBXBuildFile; fileRef = D8862EB926B4F9A700A6637A /* ViewController.swift */; };
		D8862EBD26B4F9A700A6637A /* Main.storyboard in Resources */ = {isa = PBXBuildFile; fileRef = D8862EBB26B4F9A700A6637A /* Main.storyboard */; };
		D8862EC026B4F9A700A6637A /* coreDataDemo.xcdatamodeld in Sources */ = {isa = PBXBuildFile; fileRef = D8862EBE26B4F9A700A6637A /* coreDataDemo.xcdatamodeld */; };
		D8862EC226B4F9AB00A6637A /* Assets.xcassets in Resources */ = {isa = PBXBuildFile; fileRef = D8862EC126B4F9AB00A6637A /* Assets.xcassets */; };
		D8862EC526B4F9AB00A6637A /* LaunchScreen.storyboard in Resources */ = {isa = PBXBuildFile; fileRef = D8862EC326B4F9AB00A6637A /* LaunchScreen.storyboard */; };
		D8862ECE26B4FA3200A6637A /* Student+CoreDataClass.swift in Sources */ = {isa = PBXBuildFile; fileRef = D8862ECC26B4FA3200A6637A /* Student+CoreDataClass.swift */; };
		D8862ECF26B4FA3200A6637A /* Student+CoreDataProperties.swift in Sources */ = {isa = PBXBuildFile; fileRef = D8862ECD26B4FA3200A6637A /* Student+CoreDataProperties.swift */; };
		D8862ED226B4FAE100A6637A /* CoreData.framework in Frameworks */ = {isa = PBXBuildFile; fileRef = D8862ED126B4FAE100A6637A /* CoreData.framework */; };
		D8862ED426B4FDFA00A6637A /* DatabaseHelper.swift in Sources */ = {isa = PBXBuildFile; fileRef = D8862ED326B4FDFA00A6637A /* DatabaseHelper.swift */; };
/* End PBXBuildFile section */

/* Begin PBXFileReference section */
		D8862EB226B4F9A700A6637A /* coreDataDemo.app */ = {isa = PBXFileReference; explicitFileType = wrapper.application; includeInIndex = 0; path = coreDataDemo.app; sourceTree = BUILT_PRODUCTS_DIR; };
		D8862EB526B4F9A700A6637A /* AppDelegate.swift */ = {isa = PBXFileReference; lastKnownFileType = sourcecode.swift; path = AppDelegate.swift; sourceTree = "<group>"; };
		D8862EB726B4F9A700A6637A /* SceneDelegate.swift */ = {isa = PBXFileReference; lastKnownFileType = sourcecode.swift; path = SceneDelegate.swift; sourceTree = "<group>"; };
		D8862EB926B4F9A700A6637A /* ViewController.swift */ = {isa = PBXFileReference; lastKnownFileType = sourcecode.swift; path = ViewController.swift; sourceTree = "<group>"; };
		D8862EBC26B4F9A700A6637A /* Base */ = {isa = PBXFileReference; lastKnownFileType = file.storyboard; name = Base; path = Base.lproj/Main.storyboard; sourceTree = "<group>"; };
		D8862EBF26B4F9A700A6637A /* coreDataDemo.xcdatamodel */ = {isa = PBXFileReference; lastKnownFileType = wrapper.xcdatamodel; path = coreDataDemo.xcdatamodel; sourceTree = "<group>"; };
		D8862EC126B4F9AB00A6637A /* Assets.xcassets */ = {isa = PBXFileReference; lastKnownFileType = folder.assetcatalog; path = Assets.xcassets; sourceTree = "<group>"; };
		D8862EC426B4F9AB00A6637A /* Base */ = {isa = PBXFileReference; lastKnownFileType = file.storyboard; name = Base; path = Base.lproj/LaunchScreen.storyboard; sourceTree = "<group>"; };
		D8862EC626B4F9AB00A6637A /* Info.plist */ = {isa = PBXFileReference; lastKnownFileType = text.plist.xml; path = Info.plist; sourceTree = "<group>"; };
		D8862ECC26B4FA3200A6637A /* Student+CoreDataClass.swift */ = {isa = PBXFileReference; lastKnownFileType = sourcecode.swift; path = "Student+CoreDataClass.swift"; sourceTree = "<group>"; };
		D8862ECD26B4FA3200A6637A /* Student+CoreDataProperties.swift */ = {isa = PBXFileReference; lastKnownFileType = sourcecode.swift; path = "Student+CoreDataProperties.swift"; sourceTree = "<group>"; };
		D8862ED126B4FAE100A6637A /* CoreData.framework */ = {isa = PBXFileReference; lastKnownFileType = wrapper.framework; name = CoreData.framework; path = System/Library/Frameworks/CoreData.framework; sourceTree = SDKROOT; };
		D8862ED326B4FDFA00A6637A /* DatabaseHelper.swift */ = {isa = PBXFileReference; lastKnownFileType = sourcecode.swift; path = DatabaseHelper.swift; sourceTree = "<group>"; };
/* End PBXFileReference section */

/* Begin PBXFrameworksBuildPhase section */
		D8862EAF26B4F9A700A6637A /* Frameworks */ = {
			isa = PBXFrameworksBuildPhase;
			buildActionMask = 2147483647;
			files = (
				D8862ED226B4FAE100A6637A /* CoreData.framework in Frameworks */,
			);
			runOnlyForDeploymentPostprocessing = 0;
		};
/* End PBXFrameworksBuildPhase section */

/* Begin PBXGroup section */
		D8862EA926B4F9A700A6637A = {
			isa = PBXGroup;
			children = (
				D8862EB426B4F9A700A6637A /* coreDataDemo */,
				D8862EB326B4F9A700A6637A /* Products */,
				D8862ED026B4FAE100A6637A /* Frameworks */,
			);
			sourceTree = "<group>";
		};
		D8862EB326B4F9A700A6637A /* Products */ = {
			isa = PBXGroup;
			children = (
				D8862EB226B4F9A700A6637A /* coreDataDemo.app */,
			);
			name = Products;
			sourceTree = "<group>";
		};
		D8862EB426B4F9A700A6637A /* coreDataDemo */ = {
			isa = PBXGroup;
			children = (
				D8862EB526B4F9A700A6637A /* AppDelegate.swift */,
				D8862EB726B4F9A700A6637A /* SceneDelegate.swift */,
				D8862ECC26B4FA3200A6637A /* Student+CoreDataClass.swift */,
				D8862ECD26B4FA3200A6637A /* Student+CoreDataProperties.swift */,
				D8862EB926B4F9A700A6637A /* ViewController.swift */,
				D8862EBB26B4F9A700A6637A /* Main.storyboard */,
				D8862EC126B4F9AB00A6637A /* Assets.xcassets */,
				D8862EC326B4F9AB00A6637A /* LaunchScreen.storyboard */,
				D8862EC626B4F9AB00A6637A /* Info.plist */,
				D8862EBE26B4F9A700A6637A /* coreDataDemo.xcdatamodeld */,
				D8862ED326B4FDFA00A6637A /* DatabaseHelper.swift */,
			);
			path = coreDataDemo;
			sourceTree = "<group>";
		};
		D8862ED026B4FAE100A6637A /* Frameworks */ = {
			isa = PBXGroup;
			children = (
				D8862ED126B4FAE100A6637A /* CoreData.framework */,
			);
			name = Frameworks;
			sourceTree = "<group>";
		};
/* End PBXGroup section */

/* Begin PBXNativeTarget section */
		D8862EB126B4F9A700A6637A /* coreDataDemo */ = {
			isa = PBXNativeTarget;
			buildConfigurationList = D8862EC926B4F9AB00A6637A /* Build configuration list for PBXNativeTarget "coreDataDemo" */;
			buildPhases = (
				D8862EAE26B4F9A700A6637A /* Sources */,
				D8862EAF26B4F9A700A6637A /* Frameworks */,
				D8862EB026B4F9A700A6637A /* Resources */,
			);
			buildRules = (
			);
			dependencies = (
			);
			name = coreDataDemo;
			productName = coreDataDemo;
			productReference = D8862EB226B4F9A700A6637A /* coreDataDemo.app */;
			productType = "com.apple.product-type.application";
		};
/* End PBXNativeTarget section */

/* Begin PBXProject section */
		D8862EAA26B4F9A700A6637A /* Project object */ = {
			isa = PBXProject;
			attributes = {
				LastSwiftUpdateCheck = 1250;
				LastUpgradeCheck = 1250;
				TargetAttributes = {
					D8862EB126B4F9A700A6637A = {
						CreatedOnToolsVersion = 12.5;
					};
				};
			};
			buildConfigurationList = D8862EAD26B4F9A700A6637A /* Build configuration list for PBXProject "coreDataDemo" */;
			compatibilityVersion = "Xcode 9.3";
			developmentRegion = en;
			hasScannedForEncodings = 0;
			knownRegions = (
				en,
				Base,
			);
			mainGroup = D8862EA926B4F9A700A6637A;
			productRefGroup = D8862EB326B4F9A700A6637A /* Products */;
			projectDirPath = "";
			projectRoot = "";
			targets = (
				D8862EB126B4F9A700A6637A /* coreDataDemo */,
			);
		};
/* End PBXProject section */

/* Begin PBXResourcesBuildPhase section */
		D8862EB026B4F9A700A6637A /* Resources */ = {
			isa = PBXResourcesBuildPhase;
			buildActionMask = 2147483647;
			files = (
				D8862EC526B4F9AB00A6637A /* LaunchScreen.storyboard in Resources */,
				D8862EC226B4F9AB00A6637A /* Assets.xcassets in Resources */,
				D8862EBD26B4F9A700A6637A /* Main.storyboard in Resources */,
			);
			runOnlyForDeploymentPostprocessing = 0;
		};
/* End PBXResourcesBuildPhase section */

/* Begin PBXSourcesBuildPhase section */
		D8862EAE26B4F9A700A6637A /* Sources */ = {
			isa = PBXSourcesBuildPhase;
			buildActionMask = 2147483647;
			files = (
				D8862ECF26B4FA3200A6637A /* Student+CoreDataProperties.swift in Sources */,
				D8862EBA26B4F9A700A6637A /* ViewController.swift in Sources */,
				D8862EC026B4F9A700A6637A /* coreDataDemo.xcdatamodeld in Sources */,
				D8862ED426B4FDFA00A6637A /* DatabaseHelper.swift in Sources */,
				D8862EB626B4F9A700A6637A /* AppDelegate.swift in Sources */,
				D8862EB826B4F9A700A6637A /* SceneDelegate.swift in Sources */,
				D8862ECE26B4FA3200A6637A /* Student+CoreDataClass.swift in Sources */,
			);
			runOnlyForDeploymentPostprocessing = 0;
		};
/* End PBXSourcesBuildPhase section */

/* Begin PBXVariantGroup section */
		D8862EBB26B4F9A700A6637A /* Main.storyboard */ = {
			isa = PBXVariantGroup;
			children = (
				D8862EBC26B4F9A700A6637A /* Base */,
			);
			name = Main.storyboard;
			sourceTree = "<group>";
		};
		D8862EC326B4F9AB00A6637A /* LaunchScreen.storyboard */ = {
			isa = PBXVariantGroup;
			children = (
				D8862EC426B4F9AB00A6637A /* Base */,
			);
			name = LaunchScreen.storyboard;
			sourceTree = "<group>";
		};
/* End PBXVariantGroup section */

/* Begin XCBuildConfiguration section */
		D8862EC726B4F9AB00A6637A /* Debug */ = {
			isa = XCBuildConfiguration;
			buildSettings = {
				ALWAYS_SEARCH_USER_PATHS = NO;
				CLANG_ANALYZER_NONNULL = YES;
				CLANG_ANALYZER_NUMBER_OBJECT_CONVERSION = YES_AGGRESSIVE;
				CLANG_CXX_LANGUAGE_STANDARD = "gnu++14";
				CLANG_CXX_LIBRARY = "libc++";
				CLANG_ENABLE_MODULES = YES;
				CLANG_ENABLE_OBJC_ARC = YES;
				CLANG_ENABLE_OBJC_WEAK = YES;
				CLANG_WARN_BLOCK_CAPTURE_AUTORELEASING = YES;
				CLANG_WARN_BOOL_CONVERSION = YES;
				CLANG_WARN_COMMA = YES;
				CLANG_WARN_CONSTANT_CONVERSION = YES;
				CLANG_WARN_DEPRECATED_OBJC_IMPLEMENTATIONS = YES;
				CLANG_WARN_DIRECT_OBJC_ISA_USAGE = YES_ERROR;
				CLANG_WARN_DOCUMENTATION_COMMENTS = YES;
				CLANG_WARN_EMPTY_BODY = YES;
				CLANG_WARN_ENUM_CONVERSION = YES;
				CLANG_WARN_INFINITE_RECURSION = YES;
				CLANG_WARN_INT_CONVERSION = YES;
				CLANG_WARN_NON_LITERAL_NULL_CONVERSION = YES;
				CLANG_WARN_OBJC_IMPLICIT_RETAIN_SELF = YES;
				CLANG_WARN_OBJC_LITERAL_CONVERSION = YES;
				CLANG_WARN_OBJC_ROOT_CLASS = YES_ERROR;
				CLANG_WARN_QUOTED_INCLUDE_IN_FRAMEWORK_HEADER = YES;
				CLANG_WARN_RANGE_LOOP_ANALYSIS = YES;
				CLANG_WARN_STRICT_PROTOTYPES = YES;
				CLANG_WARN_SUSPICIOUS_MOVE = YES;
				CLANG_WARN_UNGUARDED_AVAILABILITY = YES_AGGRESSIVE;
				CLANG_WARN_UNREACHABLE_CODE = YES;
				CLANG_WARN__DUPLICATE_METHOD_MATCH = YES;
				COPY_PHASE_STRIP = NO;
				DEBUG_INFORMATION_FORMAT = dwarf;
				ENABLE_STRICT_OBJC_MSGSEND = YES;
				ENABLE_TESTABILITY = YES;
				GCC_C_LANGUAGE_STANDARD = gnu11;
				GCC_DYNAMIC_NO_PIC = NO;
				GCC_NO_COMMON_BLOCKS = YES;
				GCC_OPTIMIZATION_LEVEL = 0;
				GCC_PREPROCESSOR_DEFINITIONS = (
					"DEBUG=1",
					"$(inherited)",
				);
				GCC_WARN_64_TO_32_BIT_CONVERSION = YES;
				GCC_WARN_ABOUT_RETURN_TYPE = YES_ERROR;
				GCC_WARN_UNDECLARED_SELECTOR = YES;
				GCC_WARN_UNINITIALIZED_AUTOS = YES_AGGRESSIVE;
				GCC_WARN_UNUSED_FUNCTION = YES;
				GCC_WARN_UNUSED_VARIABLE = YES;
				IPHONEOS_DEPLOYMENT_TARGET = 14.5;
				MTL_ENABLE_DEBUG_INFO = INCLUDE_SOURCE;
				MTL_FAST_MATH = YES;
				ONLY_ACTIVE_ARCH = YES;
				SDKROOT = iphoneos;
				SWIFT_ACTIVE_COMPILATION_CONDITIONS = DEBUG;
				SWIFT_OPTIMIZATION_LEVEL = "-Onone";
			};
			name = Debug;
		};
		D8862EC826B4F9AB00A6637A /* Release */ = {
			isa = XCBuildConfiguration;
			buildSettings = {
				ALWAYS_SEARCH_USER_PATHS = NO;
				CLANG_ANALYZER_NONNULL = YES;
				CLANG_ANALYZER_NUMBER_OBJECT_CONVERSION = YES_AGGRESSIVE;
				CLANG_CXX_LANGUAGE_STANDARD = "gnu++14";
				CLANG_CXX_LIBRARY = "libc++";
				CLANG_ENABLE_MODULES = YES;
				CLANG_ENABLE_OBJC_ARC = YES;
				CLANG_ENABLE_OBJC_WEAK = YES;
				CLANG_WARN_BLOCK_CAPTURE_AUTORELEASING = YES;
				CLANG_WARN_BOOL_CONVERSION = YES;
				CLANG_WARN_COMMA = YES;
				CLANG_WARN_CONSTANT_CONVERSION = YES;
				CLANG_WARN_DEPRECATED_OBJC_IMPLEMENTATIONS = YES;
				CLANG_WARN_DIRECT_OBJC_ISA_USAGE = YES_ERROR;
				CLANG_WARN_DOCUMENTATION_COMMENTS = YES;
				CLANG_WARN_EMPTY_BODY = YES;
				CLANG_WARN_ENUM_CONVERSION = YES;
				CLANG_WARN_INFINITE_RECURSION = YES;
				CLANG_WARN_INT_CONVERSION = YES;
				CLANG_WARN_NON_LITERAL_NULL_CONVERSION = YES;
				CLANG_WARN_OBJC_IMPLICIT_RETAIN_SELF = YES;
				CLANG_WARN_OBJC_LITERAL_CONVERSION = YES;
				CLANG_WARN_OBJC_ROOT_CLASS = YES_ERROR;
				CLANG_WARN_QUOTED_INCLUDE_IN_FRAMEWORK_HEADER = YES;
				CLANG_WARN_RANGE_LOOP_ANALYSIS = YES;
				CLANG_WARN_STRICT_PROTOTYPES = YES;
				CLANG_WARN_SUSPICIOUS_MOVE = YES;
				CLANG_WARN_UNGUARDED_AVAILABILITY = YES_AGGRESSIVE;
				CLANG_WARN_UNREACHABLE_CODE = YES;
				CLANG_WARN__DUPLICATE_METHOD_MATCH = YES;
				COPY_PHASE_STRIP = NO;
				DEBUG_INFORMATION_FORMAT = "dwarf-with-dsym";
				ENABLE_NS_ASSERTIONS = NO;
				ENABLE_STRICT_OBJC_MSGSEND = YES;
				GCC_C_LANGUAGE_STANDARD = gnu11;
				GCC_NO_COMMON_BLOCKS = YES;
				GCC_WARN_64_TO_32_BIT_CONVERSION = YES;
				GCC_WARN_ABOUT_RETURN_TYPE = YES_ERROR;
				GCC_WARN_UNDECLARED_SELECTOR = YES;
				GCC_WARN_UNINITIALIZED_AUTOS = YES_AGGRESSIVE;
				GCC_WARN_UNUSED_FUNCTION = YES;
				GCC_WARN_UNUSED_VARIABLE = YES;
				IPHONEOS_DEPLOYMENT_TARGET = 14.5;
				MTL_ENABLE_DEBUG_INFO = NO;
				MTL_FAST_MATH = YES;
				SDKROOT = iphoneos;
				SWIFT_COMPILATION_MODE = wholemodule;
				SWIFT_OPTIMIZATION_LEVEL = "-O";
				VALIDATE_PRODUCT = YES;
			};
			name = Release;
		};
		D8862ECA26B4F9AB00A6637A /* Debug */ = {
			isa = XCBuildConfiguration;
			buildSettings = {
				ASSETCATALOG_COMPILER_APPICON_NAME = AppIcon;
				ASSETCATALOG_COMPILER_GLOBAL_ACCENT_COLOR_NAME = AccentColor;
				CODE_SIGN_STYLE = Automatic;
				DEVELOPMENT_TEAM = T3YWA5D992;
				INFOPLIST_FILE = coreDataDemo/Info.plist;
				LD_RUNPATH_SEARCH_PATHS = (
					"$(inherited)",
					"@executable_path/Frameworks",
				);
				PRODUCT_BUNDLE_IDENTIFIER = net.mobile.coredata.coreDataDemo;
				PRODUCT_NAME = "$(TARGET_NAME)";
				SWIFT_VERSION = 5.0;
				TARGETED_DEVICE_FAMILY = 1;
			};
			name = Debug;
		};
		D8862ECB26B4F9AB00A6637A /* Release */ = {
			isa = XCBuildConfiguration;
			buildSettings = {
				ASSETCATALOG_COMPILER_APPICON_NAME = AppIcon;
				ASSETCATALOG_COMPILER_GLOBAL_ACCENT_COLOR_NAME = AccentColor;
				CODE_SIGN_STYLE = Automatic;
				DEVELOPMENT_TEAM = T3YWA5D992;
				INFOPLIST_FILE = coreDataDemo/Info.plist;
				LD_RUNPATH_SEARCH_PATHS = (
					"$(inherited)",
					"@executable_path/Frameworks",
				);
				PRODUCT_BUNDLE_IDENTIFIER = net.mobile.coredata.coreDataDemo;
				PRODUCT_NAME = "$(TARGET_NAME)";
				SWIFT_VERSION = 5.0;
				TARGETED_DEVICE_FAMILY = 1;
			};
			name = Release;
		};
/* End XCBuildConfiguration section */

/* Begin XCConfigurationList section */
		D8862EAD26B4F9A700A6637A /* Build configuration list for PBXProject "coreDataDemo" */ = {
			isa = XCConfigurationList;
			buildConfigurations = (
				D8862EC726B4F9AB00A6637A /* Debug */,
				D8862EC826B4F9AB00A6637A /* Release */,
			);
			defaultConfigurationIsVisible = 0;
			defaultConfigurationName = Release;
		};
		D8862EC926B4F9AB00A6637A /* Build configuration list for PBXNativeTarget "coreDataDemo" */ = {
			isa = XCConfigurationList;
			buildConfigurations = (
				D8862ECA26B4F9AB00A6637A /* Debug */,
				D8862ECB26B4F9AB00A6637A /* Release */,
			);
			defaultConfigurationIsVisible = 0;
			defaultConfigurationName = Release;
		};
/* End XCConfigurationList section */

/* Begin XCVersionGroup section */
		D8862EBE26B4F9A700A6637A /* coreDataDemo.xcdatamodeld */ = {
			isa = XCVersionGroup;
			children = (
				D8862EBF26B4F9A700A6637A /* coreDataDemo.xcdatamodel */,
			);
			currentVersion = D8862EBF26B4F9A700A6637A /* coreDataDemo.xcdatamodel */;
			path = coreDataDemo.xcdatamodeld;
			sourceTree = "<group>";
			versionGroupType = wrapper.xcdatamodel;
		};
/* End XCVersionGroup section */
	};
	rootObject = D8862EAA26B4F9A700A6637A /* Project object */;
}
